
Microsoft Visual Studio Solution File, Format Version 12.00
# Visual Studio Version 16
VisualStudioVersion = 16.0.31727.386
MinimumVisualStudioVersion = 10.0.40219.1
Project("{FAE04EC0-301F-11D3-BF4B-00C04F79EFBC}") = "VcsAutoTestavimas", "VcsAutoTestavimas\VcsAutoTestavimas.csproj", "{E411BB5F-9B42-44D6-BDBC-75B312D9DB7F}"
EndProject
Global
	GlobalSection(SolutionConfigurationPlatforms) = preSolution
		Debug|Any CPU = Debug|Any CPU
		Release|Any CPU = Release|Any CPU
	EndGlobalSection
	GlobalSection(ProjectConfigurationPlatforms) = postSolution
		{E411BB5F-9B42-44D6-BDBC-75B312D9DB7F}.Debug|Any CPU.ActiveCfg = Debug|Any CPU
		{E411BB5F-9B42-44D6-BDBC-75B312D9DB7F}.Debug|Any CPU.Build.0 = Debug|Any CPU
		{E411BB5F-9B42-44D6-BDBC-75B312D9DB7F}.Release|Any CPU.ActiveCfg = Release|Any CPU
		{E411BB5F-9B42-44D6-BDBC-75B312D9DB7F}.Release|Any CPU.Build.0 = Release|Any CPU
	EndGlobalSection
	GlobalSection(SolutionProperties) = preSolution
		HideSolutionNode = FALSE
	EndGlobalSection
	GlobalSection(ExtensibilityGlobals) = postSolution
		SolutionGuid = {13D3774C-7CA5-4EA1-AA94-814A0EC9118A}
	EndGlobalSection
EndGlobal
